<?xml version="1.0" encoding="UTF-8"?>
<!DOCTYPE plist PUBLIC "-//Apple//DTD PLIST 1.0//EN" "http://www.apple.com/DTDs/PropertyList-1.0.dtd">
<plist version="1.0">
<dict>
	<key>archiveVersion</key>
	<string>1</string>
	<key>classes</key>
	<dict/>
	<key>objectVersion</key>
	<string>46</string>
	<key>objects</key>
	<dict>
		<key>95B2C766135E2CA2345853D0</key>
		<dict>
			<key>includeInIndex</key>
			<string>1</string>
			<key>isa</key>
			<string>PBXFileReference</string>
			<key>lastKnownFileType</key>
			<string>text.xcconfig</string>
			<key>name</key>
			<string>Pods.release.xcconfig</string>
			<key>path</key>
			<string>Pods/Target Support Files/Pods/Pods.release.xcconfig</string>
			<key>sourceTree</key>
			<string>&lt;group&gt;</string>
		</dict>
		<key>B3C90D1724324FD4A56781D0</key>
		<dict>
			<key>buildActionMask</key>
			<string>2147483647</string>
			<key>files</key>
			<array/>
			<key>inputPaths</key>
			<array/>
			<key>isa</key>
			<string>PBXShellScriptBuildPhase</string>
			<key>name</key>
			<string>Check Pods Manifest.lock</string>
			<key>outputPaths</key>
			<array/>
			<key>runOnlyForDeploymentPostprocessing</key>
			<string>0</string>
			<key>shellPath</key>
			<string>/bin/sh</string>
			<key>shellScript</key>
			<string>diff "${PODS_ROOT}/../Podfile.lock" "${PODS_ROOT}/Manifest.lock" &gt; /dev/null
if [[ $? != 0 ]] ; then
    cat &lt;&lt; EOM
error: The sandbox is not in sync with the Podfile.lock. Run 'pod install' or update your CocoaPods installation.
EOM
    exit 1
fi
</string>
			<key>showEnvVarsInLog</key>
			<string>0</string>
		</dict>
		<key>BC512C5F365A4C399F7DF974</key>
		<dict>
			<key>buildActionMask</key>
			<string>2147483647</string>
			<key>files</key>
			<array/>
			<key>inputPaths</key>
			<array/>
			<key>isa</key>
			<string>PBXShellScriptBuildPhase</string>
			<key>name</key>
			<string>Copy Pods Resources</string>
			<key>outputPaths</key>
			<array/>
			<key>runOnlyForDeploymentPostprocessing</key>
			<string>0</string>
			<key>shellPath</key>
			<string>/bin/sh</string>
			<key>shellScript</key>
			<string>"${SRCROOT}/Pods/Target Support Files/Pods/Pods-resources.sh"
</string>
			<key>showEnvVarsInLog</key>
			<string>0</string>
		</dict>
		<key>BCD9CB22A3CC4D2481DDDE75</key>
		<dict>
			<key>fileRef</key>
			<string>EACD063F634741B4A15E60C7</string>
			<key>isa</key>
			<string>PBXBuildFile</string>
		</dict>
		<key>D036F2AB2FD6A89068C39C6C</key>
		<dict>
			<key>includeInIndex</key>
			<string>1</string>
			<key>isa</key>
			<string>PBXFileReference</string>
			<key>lastKnownFileType</key>
			<string>text.xcconfig</string>
			<key>name</key>
			<string>Pods.debug.xcconfig</string>
			<key>path</key>
			<string>Pods/Target Support Files/Pods/Pods.debug.xcconfig</string>
			<key>sourceTree</key>
			<string>&lt;group&gt;</string>
		</dict>
		<key>D401028A6D0F088D0939864E</key>
		<dict>
			<key>children</key>
			<array>
				<string>D036F2AB2FD6A89068C39C6C</string>
				<string>95B2C766135E2CA2345853D0</string>
			</array>
			<key>isa</key>
			<string>PBXGroup</string>
			<key>name</key>
			<string>Pods</string>
			<key>sourceTree</key>
			<string>&lt;group&gt;</string>
		</dict>
		<key>DD3D14B518245CC200B5C329</key>
		<dict>
			<key>children</key>
			<array>
				<string>DD3D14C718245CC200B5C329</string>
				<string>DD3D14C018245CC200B5C329</string>
				<string>DD3D14BF18245CC200B5C329</string>
				<string>D401028A6D0F088D0939864E</string>
			</array>
			<key>isa</key>
			<string>PBXGroup</string>
			<key>sourceTree</key>
			<string>&lt;group&gt;</string>
		</dict>
		<key>DD3D14B618245CC200B5C329</key>
		<dict>
			<key>attributes</key>
			<dict>
				<key>CLASSPREFIX</key>
				<string>DR</string>
				<key>LastUpgradeCheck</key>
				<string>0500</string>
				<key>ORGANIZATIONNAME</key>
				<string>MapBox</string>
			</dict>
			<key>buildConfigurationList</key>
			<string>DD3D14B918245CC200B5C329</string>
			<key>compatibilityVersion</key>
			<string>Xcode 3.2</string>
			<key>developmentRegion</key>
			<string>English</string>
			<key>hasScannedForEncodings</key>
			<string>0</string>
			<key>isa</key>
			<string>PBXProject</string>
			<key>knownRegions</key>
			<array>
				<string>en</string>
				<string>Base</string>
			</array>
			<key>mainGroup</key>
			<string>DD3D14B518245CC200B5C329</string>
			<key>productRefGroup</key>
			<string>DD3D14BF18245CC200B5C329</string>
			<key>projectDirPath</key>
			<string></string>
			<key>projectReferences</key>
			<array/>
			<key>projectRoot</key>
			<string></string>
			<key>targets</key>
			<array>
				<string>DD3D14BD18245CC200B5C329</string>
			</array>
		</dict>
		<key>DD3D14B918245CC200B5C329</key>
		<dict>
			<key>buildConfigurations</key>
			<array>
				<string>DD3D14EE18245CC200B5C329</string>
				<string>DD3D14EF18245CC200B5C329</string>
			</array>
			<key>defaultConfigurationIsVisible</key>
			<string>0</string>
			<key>defaultConfigurationName</key>
			<string>Release</string>
			<key>isa</key>
			<string>XCConfigurationList</string>
		</dict>
		<key>DD3D14BA18245CC200B5C329</key>
		<dict>
			<key>buildActionMask</key>
			<string>2147483647</string>
			<key>files</key>
			<array>
				<string>DDDFDAA418500023000502F9</string>
				<string>DD3D14D218245CC200B5C329</string>
				<string>DD97F328185155A700078E76</string>
				<string>DDDFDA9E184FF276000502F9</string>
				<string>DD3D14D818245CC200B5C329</string>
				<string>DD427D16185011ED005F546D</string>
				<string>DD97F32518514D2800078E76</string>
				<string>DD3D14CE18245CC200B5C329</string>
			</array>
			<key>isa</key>
			<string>PBXSourcesBuildPhase</string>
			<key>runOnlyForDeploymentPostprocessing</key>
			<string>0</string>
		</dict>
		<key>DD3D14BB18245CC200B5C329</key>
		<dict>
			<key>buildActionMask</key>
			<string>2147483647</string>
			<key>files</key>
			<array>
				<string>DD3D14C418245CC200B5C329</string>
				<string>DD3D14C618245CC200B5C329</string>
				<string>DD3D14C218245CC200B5C329</string>
				<string>BCD9CB22A3CC4D2481DDDE75</string>
			</array>
			<key>isa</key>
			<string>PBXFrameworksBuildPhase</string>
			<key>runOnlyForDeploymentPostprocessing</key>
			<string>0</string>
		</dict>
		<key>DD3D14BC18245CC200B5C329</key>
		<dict>
			<key>buildActionMask</key>
			<string>2147483647</string>
			<key>files</key>
			<array>
				<string>DD427D1E1850776F005F546D</string>
				<string>DD3D14CC18245CC200B5C329</string>
				<string>DDDFDAA518500023000502F9</string>
				<string>DD427D1D1850776F005F546D</string>
				<string>DD427D1A18507763005F546D</string>
				<string>DD427D18185076AA005F546D</string>
				<string>DDDFDA9F184FF276000502F9</string>
			</array>
			<key>isa</key>
			<string>PBXResourcesBuildPhase</string>
			<key>runOnlyForDeploymentPostprocessing</key>
			<string>0</string>
		</dict>
		<key>DD3D14BD18245CC200B5C329</key>
		<dict>
			<key>buildConfigurationList</key>
			<string>DD3D14F018245CC200B5C329</string>
			<key>buildPhases</key>
			<array>
				<string>B3C90D1724324FD4A56781D0</string>
				<string>DD3D14BA18245CC200B5C329</string>
				<string>DD3D14BB18245CC200B5C329</string>
				<string>DD3D14BC18245CC200B5C329</string>
				<string>BC512C5F365A4C399F7DF974</string>
			</array>
			<key>buildRules</key>
			<array/>
			<key>dependencies</key>
			<array/>
			<key>isa</key>
			<string>PBXNativeTarget</string>
			<key>name</key>
			<string>MBCocoaPodsTemplate</string>
			<key>productName</key>
			<string>MBCocoaPodsTemplate</string>
			<key>productReference</key>
			<string>DD3D14BE18245CC200B5C329</string>
			<key>productType</key>
			<string>com.apple.product-type.application</string>
		</dict>
		<key>DD3D14BE18245CC200B5C329</key>
		<dict>
			<key>explicitFileType</key>
			<string>wrapper.application</string>
			<key>includeInIndex</key>
			<string>0</string>
			<key>isa</key>
			<string>PBXFileReference</string>
			<key>path</key>
			<string>MB Design.app</string>
			<key>sourceTree</key>
			<string>BUILT_PRODUCTS_DIR</string>
		</dict>
		<key>DD3D14BF18245CC200B5C329</key>
		<dict>
			<key>children</key>
			<array>
				<string>DD3D14BE18245CC200B5C329</string>
			</array>
			<key>isa</key>
			<string>PBXGroup</string>
			<key>name</key>
			<string>Products</string>
			<key>sourceTree</key>
			<string>&lt;group&gt;</string>
		</dict>
		<key>DD3D14C018245CC200B5C329</key>
		<dict>
			<key>children</key>
			<array>
				<string>DD3D14C318245CC200B5C329</string>
				<string>DD3D14C118245CC200B5C329</string>
				<string>DD3D14C518245CC200B5C329</string>
				<string>EACD063F634741B4A15E60C7</string>
			</array>
			<key>isa</key>
			<string>PBXGroup</string>
			<key>name</key>
			<string>Frameworks</string>
			<key>sourceTree</key>
			<string>&lt;group&gt;</string>
		</dict>
		<key>DD3D14C118245CC200B5C329</key>
		<dict>
			<key>isa</key>
			<string>PBXFileReference</string>
			<key>lastKnownFileType</key>
			<string>wrapper.framework</string>
			<key>name</key>
			<string>Foundation.framework</string>
			<key>path</key>
			<string>System/Library/Frameworks/Foundation.framework</string>
			<key>sourceTree</key>
			<string>SDKROOT</string>
		</dict>
		<key>DD3D14C218245CC200B5C329</key>
		<dict>
			<key>fileRef</key>
			<string>DD3D14C118245CC200B5C329</string>
			<key>isa</key>
			<string>PBXBuildFile</string>
		</dict>
		<key>DD3D14C318245CC200B5C329</key>
		<dict>
			<key>isa</key>
			<string>PBXFileReference</string>
			<key>lastKnownFileType</key>
			<string>wrapper.framework</string>
			<key>name</key>
			<string>CoreGraphics.framework</string>
			<key>path</key>
			<string>System/Library/Frameworks/CoreGraphics.framework</string>
			<key>sourceTree</key>
			<string>SDKROOT</string>
		</dict>
		<key>DD3D14C418245CC200B5C329</key>
		<dict>
			<key>fileRef</key>
			<string>DD3D14C318245CC200B5C329</string>
			<key>isa</key>
			<string>PBXBuildFile</string>
		</dict>
		<key>DD3D14C518245CC200B5C329</key>
		<dict>
			<key>isa</key>
			<string>PBXFileReference</string>
			<key>lastKnownFileType</key>
			<string>wrapper.framework</string>
			<key>name</key>
			<string>UIKit.framework</string>
			<key>path</key>
			<string>System/Library/Frameworks/UIKit.framework</string>
			<key>sourceTree</key>
			<string>SDKROOT</string>
		</dict>
		<key>DD3D14C618245CC200B5C329</key>
		<dict>
			<key>fileRef</key>
			<string>DD3D14C518245CC200B5C329</string>
			<key>isa</key>
			<string>PBXBuildFile</string>
		</dict>
		<key>DD3D14C718245CC200B5C329</key>
		<dict>
			<key>children</key>
			<array>
				<string>DD3D14D018245CC200B5C329</string>
				<string>DD3D14D118245CC200B5C329</string>
				<string>DD3D14D618245CC200B5C329</string>
				<string>DD3D14D718245CC200B5C329</string>
				<string>DD427D1918507763005F546D</string>
				<string>DDDFDA9B184FF276000502F9</string>
				<string>DDDFDA9C184FF276000502F9</string>
				<string>DDDFDA9D184FF276000502F9</string>
				<string>DD427D14185011ED005F546D</string>
				<string>DD427D15185011ED005F546D</string>
				<string>DD97F32318514D2800078E76</string>
				<string>DD97F32418514D2800078E76</string>
				<string>DD97F326185155A700078E76</string>
				<string>DD97F327185155A700078E76</string>
				<string>DDDFDAA118500023000502F9</string>
				<string>DDDFDAA218500023000502F9</string>
				<string>DDDFDAA318500023000502F9</string>
				<string>DD3D14C818245CC200B5C329</string>
			</array>
			<key>isa</key>
			<string>PBXGroup</string>
			<key>path</key>
			<string>MBCocoaPodsTemplate</string>
			<key>sourceTree</key>
			<string>&lt;group&gt;</string>
		</dict>
		<key>DD3D14C818245CC200B5C329</key>
		<dict>
			<key>children</key>
			<array>
				<string>DD3D14C918245CC200B5C329</string>
				<string>DD3D14CA18245CC200B5C329</string>
				<string>DD3D14CD18245CC200B5C329</string>
				<string>DD3D14CF18245CC200B5C329</string>
				<string>DD427D17185076AA005F546D</string>
				<string>DD427D1B1850776F005F546D</string>
				<string>DD427D1C1850776F005F546D</string>
			</array>
			<key>isa</key>
			<string>PBXGroup</string>
			<key>name</key>
			<string>Supporting Files</string>
			<key>sourceTree</key>
			<string>&lt;group&gt;</string>
		</dict>
		<key>DD3D14C918245CC200B5C329</key>
		<dict>
			<key>isa</key>
			<string>PBXFileReference</string>
			<key>lastKnownFileType</key>
			<string>text.plist.xml</string>
			<key>path</key>
			<string>MBCocoaPodsTemplate-Info.plist</string>
			<key>sourceTree</key>
			<string>&lt;group&gt;</string>
		</dict>
		<key>DD3D14CA18245CC200B5C329</key>
		<dict>
			<key>children</key>
			<array>
				<string>DD3D14CB18245CC200B5C329</string>
			</array>
			<key>isa</key>
			<string>PBXVariantGroup</string>
			<key>name</key>
			<string>InfoPlist.strings</string>
			<key>sourceTree</key>
			<string>&lt;group&gt;</string>
		</dict>
		<key>DD3D14CB18245CC200B5C329</key>
		<dict>
			<key>isa</key>
			<string>PBXFileReference</string>
			<key>lastKnownFileType</key>
			<string>text.plist.strings</string>
			<key>name</key>
			<string>en</string>
			<key>path</key>
			<string>en.lproj/InfoPlist.strings</string>
			<key>sourceTree</key>
			<string>&lt;group&gt;</string>
		</dict>
		<key>DD3D14CC18245CC200B5C329</key>
		<dict>
			<key>fileRef</key>
			<string>DD3D14CA18245CC200B5C329</string>
			<key>isa</key>
			<string>PBXBuildFile</string>
		</dict>
		<key>DD3D14CD18245CC200B5C329</key>
		<dict>
			<key>isa</key>
			<string>PBXFileReference</string>
			<key>lastKnownFileType</key>
			<string>sourcecode.c.objc</string>
			<key>path</key>
			<string>main.m</string>
			<key>sourceTree</key>
			<string>&lt;group&gt;</string>
		</dict>
		<key>DD3D14CE18245CC200B5C329</key>
		<dict>
			<key>fileRef</key>
			<string>DD3D14CD18245CC200B5C329</string>
			<key>isa</key>
			<string>PBXBuildFile</string>
		</dict>
		<key>DD3D14CF18245CC200B5C329</key>
		<dict>
			<key>isa</key>
			<string>PBXFileReference</string>
			<key>lastKnownFileType</key>
			<string>sourcecode.c.h</string>
			<key>path</key>
			<string>MBCocoaPodsTemplate-Prefix.pch</string>
			<key>sourceTree</key>
			<string>&lt;group&gt;</string>
		</dict>
		<key>DD3D14D018245CC200B5C329</key>
		<dict>
			<key>isa</key>
			<string>PBXFileReference</string>
			<key>lastKnownFileType</key>
			<string>sourcecode.c.h</string>
			<key>path</key>
			<string>MBCPTAppDelegate.h</string>
			<key>sourceTree</key>
			<string>&lt;group&gt;</string>
		</dict>
		<key>DD3D14D118245CC200B5C329</key>
		<dict>
			<key>isa</key>
			<string>PBXFileReference</string>
			<key>lastKnownFileType</key>
			<string>sourcecode.c.objc</string>
			<key>path</key>
			<string>MBCPTAppDelegate.m</string>
			<key>sourceTree</key>
			<string>&lt;group&gt;</string>
		</dict>
		<key>DD3D14D218245CC200B5C329</key>
		<dict>
			<key>fileRef</key>
			<string>DD3D14D118245CC200B5C329</string>
			<key>isa</key>
			<string>PBXBuildFile</string>
		</dict>
		<key>DD3D14D618245CC200B5C329</key>
		<dict>
			<key>isa</key>
			<string>PBXFileReference</string>
			<key>lastKnownFileType</key>
			<string>sourcecode.c.h</string>
			<key>path</key>
			<string>MBCPTViewController.h</string>
			<key>sourceTree</key>
			<string>&lt;group&gt;</string>
		</dict>
		<key>DD3D14D718245CC200B5C329</key>
		<dict>
			<key>isa</key>
			<string>PBXFileReference</string>
			<key>lastKnownFileType</key>
			<string>sourcecode.c.objc</string>
			<key>path</key>
			<string>MBCPTViewController.m</string>
			<key>sourceTree</key>
			<string>&lt;group&gt;</string>
		</dict>
		<key>DD3D14D818245CC200B5C329</key>
		<dict>
			<key>fileRef</key>
			<string>DD3D14D718245CC200B5C329</string>
			<key>isa</key>
			<string>PBXBuildFile</string>
		</dict>
		<key>DD3D14EE18245CC200B5C329</key>
		<dict>
			<key>buildSettings</key>
			<dict>
				<key>ALWAYS_SEARCH_USER_PATHS</key>
				<string>NO</string>
				<key>ARCHS</key>
				<string>$(ARCHS_STANDARD_INCLUDING_64_BIT)</string>
				<key>CLANG_CXX_LANGUAGE_STANDARD</key>
				<string>gnu++0x</string>
				<key>CLANG_CXX_LIBRARY</key>
				<string>libc++</string>
				<key>CLANG_ENABLE_MODULES</key>
				<string>YES</string>
				<key>CLANG_ENABLE_OBJC_ARC</key>
				<string>YES</string>
				<key>CLANG_WARN_BOOL_CONVERSION</key>
				<string>YES</string>
				<key>CLANG_WARN_CONSTANT_CONVERSION</key>
				<string>YES</string>
				<key>CLANG_WARN_DIRECT_OBJC_ISA_USAGE</key>
				<string>YES_ERROR</string>
				<key>CLANG_WARN_EMPTY_BODY</key>
				<string>YES</string>
				<key>CLANG_WARN_ENUM_CONVERSION</key>
				<string>YES</string>
				<key>CLANG_WARN_INT_CONVERSION</key>
				<string>YES</string>
				<key>CLANG_WARN_OBJC_ROOT_CLASS</key>
				<string>YES_ERROR</string>
				<key>CLANG_WARN__DUPLICATE_METHOD_MATCH</key>
				<string>YES</string>
				<key>CODE_SIGN_IDENTITY[sdk=iphoneos*]</key>
				<string>iPhone Developer</string>
				<key>COPY_PHASE_STRIP</key>
				<string>NO</string>
				<key>GCC_C_LANGUAGE_STANDARD</key>
				<string>gnu99</string>
				<key>GCC_DYNAMIC_NO_PIC</key>
				<string>NO</string>
				<key>GCC_OPTIMIZATION_LEVEL</key>
				<string>0</string>
				<key>GCC_PREPROCESSOR_DEFINITIONS</key>
				<array>
					<string>DEBUG=1</string>
					<string>$(inherited)</string>
				</array>
				<key>GCC_SYMBOLS_PRIVATE_EXTERN</key>
				<string>NO</string>
				<key>GCC_WARN_64_TO_32_BIT_CONVERSION</key>
				<string>YES</string>
				<key>GCC_WARN_ABOUT_RETURN_TYPE</key>
				<string>YES_ERROR</string>
				<key>GCC_WARN_UNDECLARED_SELECTOR</key>
				<string>YES</string>
				<key>GCC_WARN_UNINITIALIZED_AUTOS</key>
				<string>YES</string>
				<key>GCC_WARN_UNUSED_FUNCTION</key>
				<string>YES</string>
				<key>GCC_WARN_UNUSED_VARIABLE</key>
				<string>YES</string>
				<key>IPHONEOS_DEPLOYMENT_TARGET</key>
				<string>6.0</string>
				<key>ONLY_ACTIVE_ARCH</key>
				<string>YES</string>
				<key>SDKROOT</key>
				<string>iphoneos</string>
			</dict>
			<key>isa</key>
			<string>XCBuildConfiguration</string>
			<key>name</key>
			<string>Debug</string>
		</dict>
		<key>DD3D14EF18245CC200B5C329</key>
		<dict>
			<key>buildSettings</key>
			<dict>
				<key>ALWAYS_SEARCH_USER_PATHS</key>
				<string>NO</string>
				<key>ARCHS</key>
				<string>$(ARCHS_STANDARD_INCLUDING_64_BIT)</string>
				<key>CLANG_CXX_LANGUAGE_STANDARD</key>
				<string>gnu++0x</string>
				<key>CLANG_CXX_LIBRARY</key>
				<string>libc++</string>
				<key>CLANG_ENABLE_MODULES</key>
				<string>YES</string>
				<key>CLANG_ENABLE_OBJC_ARC</key>
				<string>YES</string>
				<key>CLANG_WARN_BOOL_CONVERSION</key>
				<string>YES</string>
				<key>CLANG_WARN_CONSTANT_CONVERSION</key>
				<string>YES</string>
				<key>CLANG_WARN_DIRECT_OBJC_ISA_USAGE</key>
				<string>YES_ERROR</string>
				<key>CLANG_WARN_EMPTY_BODY</key>
				<string>YES</string>
				<key>CLANG_WARN_ENUM_CONVERSION</key>
				<string>YES</string>
				<key>CLANG_WARN_INT_CONVERSION</key>
				<string>YES</string>
				<key>CLANG_WARN_OBJC_ROOT_CLASS</key>
				<string>YES_ERROR</string>
				<key>CLANG_WARN__DUPLICATE_METHOD_MATCH</key>
				<string>YES</string>
				<key>CODE_SIGN_IDENTITY[sdk=iphoneos*]</key>
				<string>iPhone Distribution</string>
				<key>COPY_PHASE_STRIP</key>
				<string>YES</string>
				<key>ENABLE_NS_ASSERTIONS</key>
				<string>NO</string>
				<key>GCC_C_LANGUAGE_STANDARD</key>
				<string>gnu99</string>
				<key>GCC_WARN_64_TO_32_BIT_CONVERSION</key>
				<string>YES</string>
				<key>GCC_WARN_ABOUT_RETURN_TYPE</key>
				<string>YES_ERROR</string>
				<key>GCC_WARN_UNDECLARED_SELECTOR</key>
				<string>YES</string>
				<key>GCC_WARN_UNINITIALIZED_AUTOS</key>
				<string>YES</string>
				<key>GCC_WARN_UNUSED_FUNCTION</key>
				<string>YES</string>
				<key>GCC_WARN_UNUSED_VARIABLE</key>
				<string>YES</string>
				<key>IPHONEOS_DEPLOYMENT_TARGET</key>
				<string>6.0</string>
				<key>SDKROOT</key>
				<string>iphoneos</string>
				<key>VALIDATE_PRODUCT</key>
				<string>YES</string>
			</dict>
			<key>isa</key>
			<string>XCBuildConfiguration</string>
			<key>name</key>
			<string>Release</string>
		</dict>
		<key>DD3D14F018245CC200B5C329</key>
		<dict>
			<key>buildConfigurations</key>
			<array>
				<string>DD3D14F118245CC200B5C329</string>
				<string>DD3D14F218245CC200B5C329</string>
			</array>
			<key>defaultConfigurationIsVisible</key>
			<string>0</string>
			<key>defaultConfigurationName</key>
			<string>Release</string>
			<key>isa</key>
			<string>XCConfigurationList</string>
		</dict>
		<key>DD3D14F118245CC200B5C329</key>
		<dict>
			<key>baseConfigurationReference</key>
			<string>D036F2AB2FD6A89068C39C6C</string>
			<key>buildSettings</key>
			<dict>
				<key>ASSETCATALOG_COMPILER_APPICON_NAME</key>
				<string>AppIcon</string>
				<key>ASSETCATALOG_COMPILER_LAUNCHIMAGE_NAME</key>
				<string>LaunchImage</string>
				<key>GCC_PRECOMPILE_PREFIX_HEADER</key>
				<string>YES</string>
				<key>GCC_PREFIX_HEADER</key>
				<string>MBCocoaPodsTemplate/MBCocoaPodsTemplate-Prefix.pch</string>
				<key>INFOPLIST_FILE</key>
				<string>MBCocoaPodsTemplate/MBCocoaPodsTemplate-Info.plist</string>
				<key>PRODUCT_NAME</key>
				<string>MB Design</string>
				<key>WRAPPER_EXTENSION</key>
				<string>app</string>
			</dict>
			<key>isa</key>
			<string>XCBuildConfiguration</string>
			<key>name</key>
			<string>Debug</string>
		</dict>
		<key>DD3D14F218245CC200B5C329</key>
		<dict>
			<key>baseConfigurationReference</key>
			<string>95B2C766135E2CA2345853D0</string>
			<key>buildSettings</key>
			<dict>
				<key>ASSETCATALOG_COMPILER_APPICON_NAME</key>
				<string>AppIcon</string>
				<key>ASSETCATALOG_COMPILER_LAUNCHIMAGE_NAME</key>
				<string>LaunchImage</string>
				<key>GCC_PRECOMPILE_PREFIX_HEADER</key>
				<string>YES</string>
				<key>GCC_PREFIX_HEADER</key>
				<string>MBCocoaPodsTemplate/MBCocoaPodsTemplate-Prefix.pch</string>
				<key>INFOPLIST_FILE</key>
				<string>MBCocoaPodsTemplate/MBCocoaPodsTemplate-Info.plist</string>
				<key>PRODUCT_NAME</key>
				<string>MB Design</string>
				<key>WRAPPER_EXTENSION</key>
				<string>app</string>
			</dict>
			<key>isa</key>
			<string>XCBuildConfiguration</string>
			<key>name</key>
			<string>Release</string>
		</dict>
		<key>DD427D14185011ED005F546D</key>
		<dict>
			<key>fileEncoding</key>
			<string>4</string>
			<key>isa</key>
			<string>PBXFileReference</string>
			<key>lastKnownFileType</key>
			<string>sourcecode.c.h</string>
			<key>path</key>
			<string>MBDProjectViewController.h</string>
			<key>sourceTree</key>
			<string>&lt;group&gt;</string>
		</dict>
		<key>DD427D15185011ED005F546D</key>
		<dict>
			<key>fileEncoding</key>
			<string>4</string>
			<key>isa</key>
			<string>PBXFileReference</string>
			<key>lastKnownFileType</key>
			<string>sourcecode.c.objc</string>
			<key>path</key>
			<string>MBDProjectViewController.m</string>
			<key>sourceTree</key>
			<string>&lt;group&gt;</string>
		</dict>
		<key>DD427D16185011ED005F546D</key>
		<dict>
			<key>fileRef</key>
			<string>DD427D15185011ED005F546D</string>
			<key>isa</key>
			<string>PBXBuildFile</string>
		</dict>
		<key>DD427D17185076AA005F546D</key>
		<dict>
			<key>isa</key>
			<string>PBXFileReference</string>
			<key>lastKnownFileType</key>
			<string>image.png</string>
			<key>path</key>
			<string>Default-568h@2x.png</string>
			<key>sourceTree</key>
			<string>&lt;group&gt;</string>
		</dict>
		<key>DD427D18185076AA005F546D</key>
		<dict>
			<key>fileRef</key>
			<string>DD427D17185076AA005F546D</string>
			<key>isa</key>
			<string>PBXBuildFile</string>
		</dict>
		<key>DD427D1918507763005F546D</key>
		<dict>
			<key>fileEncoding</key>
			<string>4</string>
			<key>isa</key>
			<string>PBXFileReference</string>
			<key>lastKnownFileType</key>
			<string>file.xib</string>
			<key>path</key>
			<string>MBCPTViewController.xib</string>
			<key>sourceTree</key>
			<string>&lt;group&gt;</string>
		</dict>
		<key>DD427D1A18507763005F546D</key>
		<dict>
			<key>fileRef</key>
			<string>DD427D1918507763005F546D</string>
			<key>isa</key>
			<string>PBXBuildFile</string>
		</dict>
		<key>DD427D1B1850776F005F546D</key>
		<dict>
			<key>isa</key>
			<string>PBXFileReference</string>
			<key>lastKnownFileType</key>
			<string>image.png</string>
			<key>path</key>
			<string>icon.png</string>
			<key>sourceTree</key>
			<string>&lt;group&gt;</string>
		</dict>
		<key>DD427D1C1850776F005F546D</key>
		<dict>
			<key>isa</key>
			<string>PBXFileReference</string>
			<key>lastKnownFileType</key>
			<string>image.png</string>
			<key>path</key>
			<string>icon@2x.png</string>
			<key>sourceTree</key>
			<string>&lt;group&gt;</string>
		</dict>
		<key>DD427D1D1850776F005F546D</key>
		<dict>
			<key>fileRef</key>
			<string>DD427D1B1850776F005F546D</string>
			<key>isa</key>
			<string>PBXBuildFile</string>
		</dict>
		<key>DD427D1E1850776F005F546D</key>
		<dict>
			<key>fileRef</key>
			<string>DD427D1C1850776F005F546D</string>
			<key>isa</key>
			<string>PBXBuildFile</string>
		</dict>
		<key>DD97F32318514D2800078E76</key>
		<dict>
			<key>fileEncoding</key>
			<string>4</string>
			<key>isa</key>
			<string>PBXFileReference</string>
			<key>lastKnownFileType</key>
			<string>sourcecode.c.h</string>
			<key>path</key>
			<string>MBDBrowseViewController.h</string>
			<key>sourceTree</key>
			<string>&lt;group&gt;</string>
		</dict>
		<key>DD97F32418514D2800078E76</key>
		<dict>
			<key>fileEncoding</key>
			<string>4</string>
			<key>isa</key>
			<string>PBXFileReference</string>
			<key>lastKnownFileType</key>
			<string>sourcecode.c.objc</string>
			<key>path</key>
			<string>MBDBrowseViewController.m</string>
			<key>sourceTree</key>
			<string>&lt;group&gt;</string>
		</dict>
		<key>DD97F32518514D2800078E76</key>
		<dict>
			<key>fileRef</key>
			<string>DD97F32418514D2800078E76</string>
			<key>isa</key>
			<string>PBXBuildFile</string>
		</dict>
		<key>DD97F326185155A700078E76</key>
		<dict>
			<key>fileEncoding</key>
			<string>4</string>
			<key>isa</key>
			<string>PBXFileReference</string>
			<key>lastKnownFileType</key>
			<string>sourcecode.c.h</string>
			<key>path</key>
			<string>MBDTM2TileSource.h</string>
			<key>sourceTree</key>
			<string>&lt;group&gt;</string>
		</dict>
		<key>DD97F327185155A700078E76</key>
		<dict>
			<key>fileEncoding</key>
			<string>4</string>
			<key>isa</key>
			<string>PBXFileReference</string>
			<key>lastKnownFileType</key>
			<string>sourcecode.c.objc</string>
			<key>path</key>
			<string>MBDTM2TileSource.m</string>
			<key>sourceTree</key>
			<string>&lt;group&gt;</string>
		</dict>
		<key>DD97F328185155A700078E76</key>
		<dict>
			<key>fileRef</key>
			<string>DD97F327185155A700078E76</string>
			<key>isa</key>
			<string>PBXBuildFile</string>
		</dict>
		<key>DDDFDA9B184FF276000502F9</key>
		<dict>
			<key>fileEncoding</key>
			<string>4</string>
			<key>isa</key>
			<string>PBXFileReference</string>
			<key>lastKnownFileType</key>
			<string>sourcecode.c.h</string>
			<key>path</key>
			<string>MBDInputViewController.h</string>
			<key>sourceTree</key>
			<string>&lt;group&gt;</string>
		</dict>
		<key>DDDFDA9C184FF276000502F9</key>
		<dict>
			<key>fileEncoding</key>
			<string>4</string>
			<key>isa</key>
			<string>PBXFileReference</string>
			<key>lastKnownFileType</key>
			<string>sourcecode.c.objc</string>
			<key>path</key>
			<string>MBDInputViewController.m</string>
			<key>sourceTree</key>
			<string>&lt;group&gt;</string>
		</dict>
		<key>DDDFDA9D184FF276000502F9</key>
		<dict>
			<key>fileEncoding</key>
			<string>4</string>
			<key>isa</key>
			<string>PBXFileReference</string>
			<key>lastKnownFileType</key>
			<string>file.xib</string>
			<key>path</key>
			<string>MBDInputViewController.xib</string>
			<key>sourceTree</key>
			<string>&lt;group&gt;</string>
		</dict>
		<key>DDDFDA9E184FF276000502F9</key>
		<dict>
			<key>fileRef</key>
			<string>DDDFDA9C184FF276000502F9</string>
			<key>isa</key>
			<string>PBXBuildFile</string>
		</dict>
		<key>DDDFDA9F184FF276000502F9</key>
		<dict>
			<key>fileRef</key>
			<string>DDDFDA9D184FF276000502F9</string>
			<key>isa</key>
			<string>PBXBuildFile</string>
		</dict>
		<key>DDDFDAA118500023000502F9</key>
		<dict>
			<key>fileEncoding</key>
			<string>4</string>
			<key>isa</key>
			<string>PBXFileReference</string>
			<key>lastKnownFileType</key>
			<string>sourcecode.c.h</string>
			<key>path</key>
			<string>MBDMapViewController.h</string>
			<key>sourceTree</key>
			<string>&lt;group&gt;</string>
		</dict>
		<key>DDDFDAA218500023000502F9</key>
		<dict>
			<key>fileEncoding</key>
			<string>4</string>
			<key>isa</key>
			<string>PBXFileReference</string>
			<key>lastKnownFileType</key>
			<string>sourcecode.c.objc</string>
			<key>path</key>
			<string>MBDMapViewController.m</string>
			<key>sourceTree</key>
			<string>&lt;group&gt;</string>
		</dict>
		<key>DDDFDAA318500023000502F9</key>
		<dict>
			<key>fileEncoding</key>
			<string>4</string>
			<key>isa</key>
			<string>PBXFileReference</string>
			<key>lastKnownFileType</key>
			<string>file.xib</string>
			<key>path</key>
			<string>MBDMapViewController.xib</string>
			<key>sourceTree</key>
			<string>&lt;group&gt;</string>
		</dict>
		<key>DDDFDAA418500023000502F9</key>
		<dict>
			<key>fileRef</key>
			<string>DDDFDAA218500023000502F9</string>
			<key>isa</key>
			<string>PBXBuildFile</string>
		</dict>
		<key>DDDFDAA518500023000502F9</key>
		<dict>
			<key>fileRef</key>
			<string>DDDFDAA318500023000502F9</string>
			<key>isa</key>
			<string>PBXBuildFile</string>
		</dict>
		<key>EACD063F634741B4A15E60C7</key>
		<dict>
			<key>explicitFileType</key>
			<string>archive.ar</string>
			<key>includeInIndex</key>
			<string>0</string>
			<key>isa</key>
			<string>PBXFileReference</string>
			<key>path</key>
			<string>libPods.a</string>
			<key>sourceTree</key>
			<string>BUILT_PRODUCTS_DIR</string>
		</dict>
	</dict>
	<key>rootObject</key>
	<string>DD3D14B618245CC200B5C329</string>
</dict>
</plist>
